
Microsoft Visual Studio Solution File, Format Version 12.00
# Visual Studio Version 17
VisualStudioVersion = 17.3.32929.385
MinimumVisualStudioVersion = 10.0.40219.1
Project("{FAE04EC0-301F-11D3-BF4B-00C04F79EFBC}") = "doan.Android", "doan\doan.Android\doan.Android.csproj", "{3A71093E-F707-4C66-A10F-C5069515D57A}"
EndProject
Project("{FAE04EC0-301F-11D3-BF4B-00C04F79EFBC}") = "doan.iOS", "doan\doan.iOS\doan.iOS.csproj", "{748FF389-A14C-4D58-9B4F-593AA40E518F}"
EndProject
Project("{FAE04EC0-301F-11D3-BF4B-00C04F79EFBC}") = "doan", "doan\doan\doan.csproj", "{FFDC7915-966A-4236-B9A2-061CA8BF665B}"
EndProject
Global
	GlobalSection(SolutionConfigurationPlatforms) = preSolution
		Debug|Any CPU = Debug|Any CPU
		Debug|iPhone = Debug|iPhone
		Debug|iPhoneSimulator = Debug|iPhoneSimulator
		Release|Any CPU = Release|Any CPU
		Release|iPhone = Release|iPhone
		Release|iPhoneSimulator = Release|iPhoneSimulator
	EndGlobalSection
	GlobalSection(ProjectConfigurationPlatforms) = postSolution
		{3A71093E-F707-4C66-A10F-C5069515D57A}.Debug|Any CPU.ActiveCfg = Debug|Any CPU
		{3A71093E-F707-4C66-A10F-C5069515D57A}.Debug|Any CPU.Build.0 = Debug|Any CPU
		{3A71093E-F707-4C66-A10F-C5069515D57A}.Debug|Any CPU.Deploy.0 = Debug|Any CPU
		{3A71093E-F707-4C66-A10F-C5069515D57A}.Debug|iPhone.ActiveCfg = Debug|Any CPU
		{3A71093E-F707-4C66-A10F-C5069515D57A}.Debug|iPhone.Build.0 = Debug|Any CPU
		{3A71093E-F707-4C66-A10F-C5069515D57A}.Debug|iPhone.Deploy.0 = Debug|Any CPU
		{3A71093E-F707-4C66-A10F-C5069515D57A}.Debug|iPhoneSimulator.ActiveCfg = Debug|Any CPU
		{3A71093E-F707-4C66-A10F-C5069515D57A}.Debug|iPhoneSimulator.Build.0 = Debug|Any CPU
		{3A71093E-F707-4C66-A10F-C5069515D57A}.Debug|iPhoneSimulator.Deploy.0 = Debug|Any CPU
		{3A71093E-F707-4C66-A10F-C5069515D57A}.Release|Any CPU.ActiveCfg = Release|Any CPU
		{3A71093E-F707-4C66-A10F-C5069515D57A}.Release|Any CPU.Build.0 = Release|Any CPU
		{3A71093E-F707-4C66-A10F-C5069515D57A}.Release|Any CPU.Deploy.0 = Release|Any CPU
		{3A71093E-F707-4C66-A10F-C5069515D57A}.Release|iPhone.ActiveCfg = Release|Any CPU
		{3A71093E-F707-4C66-A10F-C5069515D57A}.Release|iPhone.Build.0 = Release|Any CPU
		{3A71093E-F707-4C66-A10F-C5069515D57A}.Release|iPhone.Deploy.0 = Release|Any CPU
		{3A71093E-F707-4C66-A10F-C5069515D57A}.Release|iPhoneSimulator.ActiveCfg = Release|Any CPU
		{3A71093E-F707-4C66-A10F-C5069515D57A}.Release|iPhoneSimulator.Build.0 = Release|Any CPU
		{3A71093E-F707-4C66-A10F-C5069515D57A}.Release|iPhoneSimulator.Deploy.0 = Release|Any CPU
		{748FF389-A14C-4D58-9B4F-593AA40E518F}.Debug|Any CPU.ActiveCfg = Debug|iPhone
		{748FF389-A14C-4D58-9B4F-593AA40E518F}.Debug|Any CPU.Build.0 = Debug|iPhone
		{748FF389-A14C-4D58-9B4F-593AA40E518F}.Debug|Any CPU.Deploy.0 = Debug|iPhone
		{748FF389-A14C-4D58-9B4F-593AA40E518F}.Debug|iPhone.ActiveCfg = Debug|iPhone
		{748FF389-A14C-4D58-9B4F-593AA40E518F}.Debug|iPhone.Build.0 = Debug|iPhone
		{748FF389-A14C-4D58-9B4F-593AA40E518F}.Debug|iPhone.Deploy.0 = Debug|iPhone
		{748FF389-A14C-4D58-9B4F-593AA40E518F}.Debug|iPhoneSimulator.ActiveCfg = Debug|iPhoneSimulator
		{748FF389-A14C-4D58-9B4F-593AA40E518F}.Debug|iPhoneSimulator.Build.0 = Debug|iPhoneSimulator
		{748FF389-A14C-4D58-9B4F-593AA40E518F}.Debug|iPhoneSimulator.Deploy.0 = Debug|iPhoneSimulator
		{748FF389-A14C-4D58-9B4F-593AA40E518F}.Release|Any CPU.ActiveCfg = Release|iPhoneSimulator
		{748FF389-A14C-4D58-9B4F-593AA40E518F}.Release|Any CPU.Build.0 = Release|iPhoneSimulator
		{748FF389-A14C-4D58-9B4F-593AA40E518F}.Release|Any CPU.Deploy.0 = Release|iPhoneSimulator
		{748FF389-A14C-4D58-9B4F-593AA40E518F}.Release|iPhone.ActiveCfg = Release|iPhone
		{748FF389-A14C-4D58-9B4F-593AA40E518F}.Release|iPhone.Build.0 = Release|iPhone
		{748FF389-A14C-4D58-9B4F-593AA40E518F}.Release|iPhone.Deploy.0 = Release|iPhone
		{748FF389-A14C-4D58-9B4F-593AA40E518F}.Release|iPhoneSimulator.ActiveCfg = Release|iPhoneSimulator
		{748FF389-A14C-4D58-9B4F-593AA40E518F}.Release|iPhoneSimulator.Build.0 = Release|iPhoneSimulator
		{748FF389-A14C-4D58-9B4F-593AA40E518F}.Release|iPhoneSimulator.Deploy.0 = Release|iPhoneSimulator
		{FFDC7915-966A-4236-B9A2-061CA8BF665B}.Debug|Any CPU.ActiveCfg = Debug|Any CPU
		{FFDC7915-966A-4236-B9A2-061CA8BF665B}.Debug|Any CPU.Build.0 = Debug|Any CPU
		{FFDC7915-966A-4236-B9A2-061CA8BF665B}.Debug|Any CPU.Deploy.0 = Debug|Any CPU
		{FFDC7915-966A-4236-B9A2-061CA8BF665B}.Debug|iPhone.ActiveCfg = Debug|Any CPU
		{FFDC7915-966A-4236-B9A2-061CA8BF665B}.Debug|iPhone.Build.0 = Debug|Any CPU
		{FFDC7915-966A-4236-B9A2-061CA8BF665B}.Debug|iPhone.Deploy.0 = Debug|Any CPU
		{FFDC7915-966A-4236-B9A2-061CA8BF665B}.Debug|iPhoneSimulator.ActiveCfg = Debug|Any CPU
		{FFDC7915-966A-4236-B9A2-061CA8BF665B}.Debug|iPhoneSimulator.Build.0 = Debug|Any CPU
		{FFDC7915-966A-4236-B9A2-061CA8BF665B}.Debug|iPhoneSimulator.Deploy.0 = Debug|Any CPU
		{FFDC7915-966A-4236-B9A2-061CA8BF665B}.Release|Any CPU.ActiveCfg = Release|Any CPU
		{FFDC7915-966A-4236-B9A2-061CA8BF665B}.Release|Any CPU.Build.0 = Release|Any CPU
		{FFDC7915-966A-4236-B9A2-061CA8BF665B}.Release|Any CPU.Deploy.0 = Release|Any CPU
		{FFDC7915-966A-4236-B9A2-061CA8BF665B}.Release|iPhone.ActiveCfg = Release|Any CPU
		{FFDC7915-966A-4236-B9A2-061CA8BF665B}.Release|iPhone.Build.0 = Release|Any CPU
		{FFDC7915-966A-4236-B9A2-061CA8BF665B}.Release|iPhone.Deploy.0 = Release|Any CPU
		{FFDC7915-966A-4236-B9A2-061CA8BF665B}.Release|iPhoneSimulator.ActiveCfg = Release|Any CPU
		{FFDC7915-966A-4236-B9A2-061CA8BF665B}.Release|iPhoneSimulator.Build.0 = Release|Any CPU
		{FFDC7915-966A-4236-B9A2-061CA8BF665B}.Release|iPhoneSimulator.Deploy.0 = Release|Any CPU
	EndGlobalSection
	GlobalSection(SolutionProperties) = preSolution
		HideSolutionNode = FALSE
	EndGlobalSection
	GlobalSection(ExtensibilityGlobals) = postSolution
		SolutionGuid = {CEB407F0-7500-4979-9A77-E30B2FE72279}
	EndGlobalSection
EndGlobal
